
Microsoft Visual Studio Solution File, Format Version 12.00
# Visual Studio Version 17
VisualStudioVersion = 17.7.34302.85
MinimumVisualStudioVersion = 10.0.40219.1
Project("{FAE04EC0-301F-11D3-BF4B-00C04F79EFBC}") = "Pr31 bonusøvelse", "Pr31 bonusøvelse.csproj", "{94D3B57B-1DF0-4F5C-A821-A700B92C6245}"
EndProject
Global
	GlobalSection(SolutionConfigurationPlatforms) = preSolution
		Debug|Any CPU = Debug|Any CPU
		Release|Any CPU = Release|Any CPU
	EndGlobalSection
	GlobalSection(ProjectConfigurationPlatforms) = postSolution
		{94D3B57B-1DF0-4F5C-A821-A700B92C6245}.Debug|Any CPU.ActiveCfg = Debug|Any CPU
		{94D3B57B-1DF0-4F5C-A821-A700B92C6245}.Debug|Any CPU.Build.0 = Debug|Any CPU
		{94D3B57B-1DF0-4F5C-A821-A700B92C6245}.Release|Any CPU.ActiveCfg = Release|Any CPU
		{94D3B57B-1DF0-4F5C-A821-A700B92C6245}.Release|Any CPU.Build.0 = Release|Any CPU
	EndGlobalSection
	GlobalSection(SolutionProperties) = preSolution
		HideSolutionNode = FALSE
	EndGlobalSection
	GlobalSection(ExtensibilityGlobals) = postSolution
		SolutionGuid = {064723E0-A496-41A6-8D1A-803AE2608540}
	EndGlobalSection
EndGlobal
