
Microsoft Visual Studio Solution File, Format Version 12.00
# Visual Studio Version 17
VisualStudioVersion = 17.7.34024.191
MinimumVisualStudioVersion = 10.0.40219.1
Project("{FAE04EC0-301F-11D3-BF4B-00C04F79EFBC}") = "Pr03 csharpdata hældningsberegner", "Pr03 csharpdata hældningsberegner\Pr03 csharpdata hældningsberegner.csproj", "{0F70C2FC-7D53-4DD8-9470-341B73FEAB7A}"
EndProject
Global
	GlobalSection(SolutionConfigurationPlatforms) = preSolution
		Debug|Any CPU = Debug|Any CPU
		Release|Any CPU = Release|Any CPU
	EndGlobalSection
	GlobalSection(ProjectConfigurationPlatforms) = postSolution
		{0F70C2FC-7D53-4DD8-9470-341B73FEAB7A}.Debug|Any CPU.ActiveCfg = Debug|Any CPU
		{0F70C2FC-7D53-4DD8-9470-341B73FEAB7A}.Debug|Any CPU.Build.0 = Debug|Any CPU
		{0F70C2FC-7D53-4DD8-9470-341B73FEAB7A}.Release|Any CPU.ActiveCfg = Release|Any CPU
		{0F70C2FC-7D53-4DD8-9470-341B73FEAB7A}.Release|Any CPU.Build.0 = Release|Any CPU
	EndGlobalSection
	GlobalSection(SolutionProperties) = preSolution
		HideSolutionNode = FALSE
	EndGlobalSection
	GlobalSection(ExtensibilityGlobals) = postSolution
		SolutionGuid = {8EBBF7E7-0FE3-4E01-97E4-8EDE797F1E75}
	EndGlobalSection
EndGlobal
