
Microsoft Visual Studio Solution File, Format Version 12.00
# Visual Studio Version 17
VisualStudioVersion = 17.7.34302.85
MinimumVisualStudioVersion = 10.0.40219.1
Project("{FAE04EC0-301F-11D3-BF4B-00C04F79EFBC}") = "Pr25 TusindFrydWPF", "Pr25 TusindFrydWPF.csproj", "{83ACD0B7-6E1C-4185-B74B-5E7701B65DFC}"
EndProject
Global
	GlobalSection(SolutionConfigurationPlatforms) = preSolution
		Debug|Any CPU = Debug|Any CPU
		Release|Any CPU = Release|Any CPU
	EndGlobalSection
	GlobalSection(ProjectConfigurationPlatforms) = postSolution
		{83ACD0B7-6E1C-4185-B74B-5E7701B65DFC}.Debug|Any CPU.ActiveCfg = Debug|Any CPU
		{83ACD0B7-6E1C-4185-B74B-5E7701B65DFC}.Debug|Any CPU.Build.0 = Debug|Any CPU
		{83ACD0B7-6E1C-4185-B74B-5E7701B65DFC}.Release|Any CPU.ActiveCfg = Release|Any CPU
		{83ACD0B7-6E1C-4185-B74B-5E7701B65DFC}.Release|Any CPU.Build.0 = Release|Any CPU
	EndGlobalSection
	GlobalSection(SolutionProperties) = preSolution
		HideSolutionNode = FALSE
	EndGlobalSection
	GlobalSection(ExtensibilityGlobals) = postSolution
		SolutionGuid = {B2335478-1D41-411D-A693-7CA521D05539}
	EndGlobalSection
EndGlobal
