
Microsoft Visual Studio Solution File, Format Version 12.00
# Visual Studio Version 17
VisualStudioVersion = 17.7.34031.279
MinimumVisualStudioVersion = 10.0.40219.1
Project("{FAE04EC0-301F-11D3-BF4B-00C04F79EFBC}") = "WpfApp1", "WpfApp1.csproj", "{EA20F60A-5DF6-4043-B0DA-89825C992669}"
EndProject
Global
	GlobalSection(SolutionConfigurationPlatforms) = preSolution
		Debug|Any CPU = Debug|Any CPU
		Release|Any CPU = Release|Any CPU
	EndGlobalSection
	GlobalSection(ProjectConfigurationPlatforms) = postSolution
		{EA20F60A-5DF6-4043-B0DA-89825C992669}.Debug|Any CPU.ActiveCfg = Debug|Any CPU
		{EA20F60A-5DF6-4043-B0DA-89825C992669}.Debug|Any CPU.Build.0 = Debug|Any CPU
		{EA20F60A-5DF6-4043-B0DA-89825C992669}.Release|Any CPU.ActiveCfg = Release|Any CPU
		{EA20F60A-5DF6-4043-B0DA-89825C992669}.Release|Any CPU.Build.0 = Release|Any CPU
	EndGlobalSection
	GlobalSection(SolutionProperties) = preSolution
		HideSolutionNode = FALSE
	EndGlobalSection
	GlobalSection(ExtensibilityGlobals) = postSolution
		SolutionGuid = {D89F4D25-4986-4DAC-8BC8-9A6F3BAFFB23}
	EndGlobalSection
EndGlobal
