
Microsoft Visual Studio Solution File, Format Version 12.00
# Visual Studio Version 17
VisualStudioVersion = 17.7.34302.85
MinimumVisualStudioVersion = 10.0.40219.1
Project("{FAE04EC0-301F-11D3-BF4B-00C04F79EFBC}") = "Pr26 WPFandMVVM", "Pr26 WPFandMVVM.csproj", "{B58CB9AD-4DE2-4B37-992E-2CD806EABF70}"
EndProject
Global
	GlobalSection(SolutionConfigurationPlatforms) = preSolution
		Debug|Any CPU = Debug|Any CPU
		Release|Any CPU = Release|Any CPU
	EndGlobalSection
	GlobalSection(ProjectConfigurationPlatforms) = postSolution
		{B58CB9AD-4DE2-4B37-992E-2CD806EABF70}.Debug|Any CPU.ActiveCfg = Debug|Any CPU
		{B58CB9AD-4DE2-4B37-992E-2CD806EABF70}.Debug|Any CPU.Build.0 = Debug|Any CPU
		{B58CB9AD-4DE2-4B37-992E-2CD806EABF70}.Release|Any CPU.ActiveCfg = Release|Any CPU
		{B58CB9AD-4DE2-4B37-992E-2CD806EABF70}.Release|Any CPU.Build.0 = Release|Any CPU
	EndGlobalSection
	GlobalSection(SolutionProperties) = preSolution
		HideSolutionNode = FALSE
	EndGlobalSection
	GlobalSection(ExtensibilityGlobals) = postSolution
		SolutionGuid = {2BF34B7E-BF53-47A9-9568-3896D673113D}
	EndGlobalSection
EndGlobal
