
Microsoft Visual Studio Solution File, Format Version 12.00
# Visual Studio Version 17
VisualStudioVersion = 17.8.34525.116
MinimumVisualStudioVersion = 10.0.40219.1
Project("{FAE04EC0-301F-11D3-BF4B-00C04F79EFBC}") = "Pr47 LærerVikaren", "Pr47 LærerVikaren.csproj", "{FF9DA555-DC22-4749-807A-11B150C89158}"
EndProject
Project("{FAE04EC0-301F-11D3-BF4B-00C04F79EFBC}") = "Pr47 ModelPersistence", "..\Pr47 ModelPersistence\Pr47 ModelPersistence.csproj", "{0A248043-D86B-413C-B463-8417C87607DB}"
EndProject
Global
	GlobalSection(SolutionConfigurationPlatforms) = preSolution
		Debug|Any CPU = Debug|Any CPU
		Release|Any CPU = Release|Any CPU
	EndGlobalSection
	GlobalSection(ProjectConfigurationPlatforms) = postSolution
		{FF9DA555-DC22-4749-807A-11B150C89158}.Debug|Any CPU.ActiveCfg = Debug|Any CPU
		{FF9DA555-DC22-4749-807A-11B150C89158}.Debug|Any CPU.Build.0 = Debug|Any CPU
		{FF9DA555-DC22-4749-807A-11B150C89158}.Release|Any CPU.ActiveCfg = Release|Any CPU
		{FF9DA555-DC22-4749-807A-11B150C89158}.Release|Any CPU.Build.0 = Release|Any CPU
		{0A248043-D86B-413C-B463-8417C87607DB}.Debug|Any CPU.ActiveCfg = Debug|Any CPU
		{0A248043-D86B-413C-B463-8417C87607DB}.Debug|Any CPU.Build.0 = Debug|Any CPU
		{0A248043-D86B-413C-B463-8417C87607DB}.Release|Any CPU.ActiveCfg = Release|Any CPU
		{0A248043-D86B-413C-B463-8417C87607DB}.Release|Any CPU.Build.0 = Release|Any CPU
	EndGlobalSection
	GlobalSection(SolutionProperties) = preSolution
		HideSolutionNode = FALSE
	EndGlobalSection
	GlobalSection(ExtensibilityGlobals) = postSolution
		SolutionGuid = {E43F10EF-DECE-4E7A-BC2E-236226A33E7B}
	EndGlobalSection
EndGlobal
