
Microsoft Visual Studio Solution File, Format Version 12.00
# Visual Studio Version 17
VisualStudioVersion = 17.7.34031.279
MinimumVisualStudioVersion = 10.0.40219.1
Project("{FAE04EC0-301F-11D3-BF4B-00C04F79EFBC}") = "Pr14 loops", "Pr14 loops.csproj", "{064AA688-E566-4483-B303-1F612C7FE0BE}"
EndProject
Project("{FAE04EC0-301F-11D3-BF4B-00C04F79EFBC}") = "ArrayHelper test", "..\ArrayHelper test\ArrayHelper test.csproj", "{A0E48C31-1D7D-4416-9372-D78536BD56D7}"
EndProject
Global
	GlobalSection(SolutionConfigurationPlatforms) = preSolution
		Debug|Any CPU = Debug|Any CPU
		Release|Any CPU = Release|Any CPU
	EndGlobalSection
	GlobalSection(ProjectConfigurationPlatforms) = postSolution
		{064AA688-E566-4483-B303-1F612C7FE0BE}.Debug|Any CPU.ActiveCfg = Debug|Any CPU
		{064AA688-E566-4483-B303-1F612C7FE0BE}.Debug|Any CPU.Build.0 = Debug|Any CPU
		{064AA688-E566-4483-B303-1F612C7FE0BE}.Release|Any CPU.ActiveCfg = Release|Any CPU
		{064AA688-E566-4483-B303-1F612C7FE0BE}.Release|Any CPU.Build.0 = Release|Any CPU
		{A0E48C31-1D7D-4416-9372-D78536BD56D7}.Debug|Any CPU.ActiveCfg = Debug|Any CPU
		{A0E48C31-1D7D-4416-9372-D78536BD56D7}.Debug|Any CPU.Build.0 = Debug|Any CPU
		{A0E48C31-1D7D-4416-9372-D78536BD56D7}.Release|Any CPU.ActiveCfg = Release|Any CPU
		{A0E48C31-1D7D-4416-9372-D78536BD56D7}.Release|Any CPU.Build.0 = Release|Any CPU
	EndGlobalSection
	GlobalSection(SolutionProperties) = preSolution
		HideSolutionNode = FALSE
	EndGlobalSection
	GlobalSection(ExtensibilityGlobals) = postSolution
		SolutionGuid = {FF06247C-0974-414C-9E17-E2A8F819DC20}
	EndGlobalSection
EndGlobal
