
Microsoft Visual Studio Solution File, Format Version 12.00
# Visual Studio Version 17
VisualStudioVersion = 17.7.34024.191
MinimumVisualStudioVersion = 10.0.40219.1
Project("{FAE04EC0-301F-11D3-BF4B-00C04F79EFBC}") = "Pr02 conditionals menu", "Pr02 conditionals menu\Pr02 conditionals menu.csproj", "{DB00E086-70B6-4631-AEFC-AADC7BFB6F7A}"
EndProject
Global
	GlobalSection(SolutionConfigurationPlatforms) = preSolution
		Debug|Any CPU = Debug|Any CPU
		Release|Any CPU = Release|Any CPU
	EndGlobalSection
	GlobalSection(ProjectConfigurationPlatforms) = postSolution
		{DB00E086-70B6-4631-AEFC-AADC7BFB6F7A}.Debug|Any CPU.ActiveCfg = Debug|Any CPU
		{DB00E086-70B6-4631-AEFC-AADC7BFB6F7A}.Debug|Any CPU.Build.0 = Debug|Any CPU
		{DB00E086-70B6-4631-AEFC-AADC7BFB6F7A}.Release|Any CPU.ActiveCfg = Release|Any CPU
		{DB00E086-70B6-4631-AEFC-AADC7BFB6F7A}.Release|Any CPU.Build.0 = Release|Any CPU
	EndGlobalSection
	GlobalSection(SolutionProperties) = preSolution
		HideSolutionNode = FALSE
	EndGlobalSection
	GlobalSection(ExtensibilityGlobals) = postSolution
		SolutionGuid = {7C3A508E-5CB9-425A-A04C-98FD7BCF393C}
	EndGlobalSection
EndGlobal
