
Microsoft Visual Studio Solution File, Format Version 12.00
# Visual Studio Version 17
VisualStudioVersion = 17.8.34525.116
MinimumVisualStudioVersion = 10.0.40219.1
Project("{FAE04EC0-301F-11D3-BF4B-00C04F79EFBC}") = "Pr52 weatherstations", "Pr52 weatherstations.csproj", "{5C0251EB-EC06-440D-A72A-78CF6D82C748}"
EndProject
Project("{FAE04EC0-301F-11D3-BF4B-00C04F79EFBC}") = "Pr52 interlocked", "..\Pr52 interlocked\Pr52 interlocked.csproj", "{3AB7989B-85B7-4D48-8138-671A6124A4A0}"
EndProject
Project("{FAE04EC0-301F-11D3-BF4B-00C04F79EFBC}") = "Pr52 producerconsumer", "..\Pr52 producerconsumer\Pr52 producerconsumer.csproj", "{74F3400E-EF46-4EDA-A9CB-DDA3C7CBC7C0}"
EndProject
Global
	GlobalSection(SolutionConfigurationPlatforms) = preSolution
		Debug|Any CPU = Debug|Any CPU
		Release|Any CPU = Release|Any CPU
	EndGlobalSection
	GlobalSection(ProjectConfigurationPlatforms) = postSolution
		{5C0251EB-EC06-440D-A72A-78CF6D82C748}.Debug|Any CPU.ActiveCfg = Debug|Any CPU
		{5C0251EB-EC06-440D-A72A-78CF6D82C748}.Debug|Any CPU.Build.0 = Debug|Any CPU
		{5C0251EB-EC06-440D-A72A-78CF6D82C748}.Release|Any CPU.ActiveCfg = Release|Any CPU
		{5C0251EB-EC06-440D-A72A-78CF6D82C748}.Release|Any CPU.Build.0 = Release|Any CPU
		{3AB7989B-85B7-4D48-8138-671A6124A4A0}.Debug|Any CPU.ActiveCfg = Debug|Any CPU
		{3AB7989B-85B7-4D48-8138-671A6124A4A0}.Debug|Any CPU.Build.0 = Debug|Any CPU
		{3AB7989B-85B7-4D48-8138-671A6124A4A0}.Release|Any CPU.ActiveCfg = Release|Any CPU
		{3AB7989B-85B7-4D48-8138-671A6124A4A0}.Release|Any CPU.Build.0 = Release|Any CPU
		{74F3400E-EF46-4EDA-A9CB-DDA3C7CBC7C0}.Debug|Any CPU.ActiveCfg = Debug|Any CPU
		{74F3400E-EF46-4EDA-A9CB-DDA3C7CBC7C0}.Debug|Any CPU.Build.0 = Debug|Any CPU
		{74F3400E-EF46-4EDA-A9CB-DDA3C7CBC7C0}.Release|Any CPU.ActiveCfg = Release|Any CPU
		{74F3400E-EF46-4EDA-A9CB-DDA3C7CBC7C0}.Release|Any CPU.Build.0 = Release|Any CPU
	EndGlobalSection
	GlobalSection(SolutionProperties) = preSolution
		HideSolutionNode = FALSE
	EndGlobalSection
	GlobalSection(ExtensibilityGlobals) = postSolution
		SolutionGuid = {F9A84C4A-332F-491A-BC6E-CDF588714044}
	EndGlobalSection
EndGlobal
